
Microsoft Visual Studio Solution File, Format Version 12.00
# Visual Studio Version 16
VisualStudioVersion = 16.0.29009.5
MinimumVisualStudioVersion = 10.0.40219.1
Project("{8BC9CEB8-8B4A-11D0-8D11-00A0C91BC942}") = "lua", "lua\lua.vcxproj", "{C897A90D-16F3-4393-B131-3AEE8231FFA3}"
EndProject
Project("{8BC9CEB8-8B4A-11D0-8D11-00A0C91BC942}") = "sha1", "sha1\sha1.vcxproj", "{EEF38106-DC97-46DB-A0CF-D90B997A432D}"
EndProject
Project("{8BC9CEB8-8B4A-11D0-8D11-00A0C91BC942}") = "liblua", "liblua\liblua.vcxproj", "{A9CF676C-6104-4D26-A849-87AAC9B947BC}"
EndProject
Project("{8BC9CEB8-8B4A-11D0-8D11-00A0C91BC942}") = "luac", "luac\luac.vcxproj", "{5ACB213D-EC58-4C6B-85B1-97531C6F7C8F}"
EndProject
Global
	GlobalSection(SolutionConfigurationPlatforms) = preSolution
		Debug|x64 = Debug|x64
		Debug|x86 = Debug|x86
		Release|x64 = Release|x64
		Release|x86 = Release|x86
	EndGlobalSection
	GlobalSection(ProjectConfigurationPlatforms) = postSolution
		{C897A90D-16F3-4393-B131-3AEE8231FFA3}.Debug|x64.ActiveCfg = Debug|x64
		{C897A90D-16F3-4393-B131-3AEE8231FFA3}.Debug|x64.Build.0 = Debug|x64
		{C897A90D-16F3-4393-B131-3AEE8231FFA3}.Debug|x86.ActiveCfg = Debug|Win32
		{C897A90D-16F3-4393-B131-3AEE8231FFA3}.Debug|x86.Build.0 = Debug|Win32
		{C897A90D-16F3-4393-B131-3AEE8231FFA3}.Release|x64.ActiveCfg = Release|x64
		{C897A90D-16F3-4393-B131-3AEE8231FFA3}.Release|x64.Build.0 = Release|x64
		{C897A90D-16F3-4393-B131-3AEE8231FFA3}.Release|x86.ActiveCfg = Release|Win32
		{C897A90D-16F3-4393-B131-3AEE8231FFA3}.Release|x86.Build.0 = Release|Win32
		{EEF38106-DC97-46DB-A0CF-D90B997A432D}.Debug|x64.ActiveCfg = Debug|x64
		{EEF38106-DC97-46DB-A0CF-D90B997A432D}.Debug|x64.Build.0 = Debug|x64
		{EEF38106-DC97-46DB-A0CF-D90B997A432D}.Debug|x86.ActiveCfg = Debug|Win32
		{EEF38106-DC97-46DB-A0CF-D90B997A432D}.Debug|x86.Build.0 = Debug|Win32
		{EEF38106-DC97-46DB-A0CF-D90B997A432D}.Release|x64.ActiveCfg = Release|x64
		{EEF38106-DC97-46DB-A0CF-D90B997A432D}.Release|x64.Build.0 = Release|x64
		{EEF38106-DC97-46DB-A0CF-D90B997A432D}.Release|x86.ActiveCfg = Release|Win32
		{EEF38106-DC97-46DB-A0CF-D90B997A432D}.Release|x86.Build.0 = Release|Win32
		{A9CF676C-6104-4D26-A849-87AAC9B947BC}.Debug|x64.ActiveCfg = Debug|x64
		{A9CF676C-6104-4D26-A849-87AAC9B947BC}.Debug|x64.Build.0 = Debug|x64
		{A9CF676C-6104-4D26-A849-87AAC9B947BC}.Debug|x86.ActiveCfg = Debug|Win32
		{A9CF676C-6104-4D26-A849-87AAC9B947BC}.Debug|x86.Build.0 = Debug|Win32
		{A9CF676C-6104-4D26-A849-87AAC9B947BC}.Release|x64.ActiveCfg = Release|x64
		{A9CF676C-6104-4D26-A849-87AAC9B947BC}.Release|x64.Build.0 = Release|x64
		{A9CF676C-6104-4D26-A849-87AAC9B947BC}.Release|x86.ActiveCfg = Release|Win32
		{A9CF676C-6104-4D26-A849-87AAC9B947BC}.Release|x86.Build.0 = Release|Win32
		{5ACB213D-EC58-4C6B-85B1-97531C6F7C8F}.Debug|x64.ActiveCfg = Debug|x64
		{5ACB213D-EC58-4C6B-85B1-97531C6F7C8F}.Debug|x64.Build.0 = Debug|x64
		{5ACB213D-EC58-4C6B-85B1-97531C6F7C8F}.Debug|x86.ActiveCfg = Debug|Win32
		{5ACB213D-EC58-4C6B-85B1-97531C6F7C8F}.Debug|x86.Build.0 = Debug|Win32
		{5ACB213D-EC58-4C6B-85B1-97531C6F7C8F}.Release|x64.ActiveCfg = Release|x64
		{5ACB213D-EC58-4C6B-85B1-97531C6F7C8F}.Release|x64.Build.0 = Release|x64
		{5ACB213D-EC58-4C6B-85B1-97531C6F7C8F}.Release|x86.ActiveCfg = Release|Win32
		{5ACB213D-EC58-4C6B-85B1-97531C6F7C8F}.Release|x86.Build.0 = Release|Win32
	EndGlobalSection
	GlobalSection(SolutionProperties) = preSolution
		HideSolutionNode = FALSE
	EndGlobalSection
	GlobalSection(ExtensibilityGlobals) = postSolution
		SolutionGuid = {420D4FDD-E948-4E71-A909-500015DBF6DC}
	EndGlobalSection
EndGlobal
